
Microsoft Visual Studio Solution File, Format Version 12.00
# Visual Studio 15
VisualStudioVersion = 15.0.27703.2026
MinimumVisualStudioVersion = 10.0.40219.1
Project("{FAE04EC0-301F-11D3-BF4B-00C04F79EFBC}") = "SwashbuckleSandpit", "SwashbuckleSandpit\SwashbuckleSandpit.csproj", "{060B0E08-F7A4-4ECF-9041-3840028251AB}"
EndProject
Global
	GlobalSection(SolutionConfigurationPlatforms) = preSolution
		Debug|Any CPU = Debug|Any CPU
		Release|Any CPU = Release|Any CPU
	EndGlobalSection
	GlobalSection(ProjectConfigurationPlatforms) = postSolution
		{060B0E08-F7A4-4ECF-9041-3840028251AB}.Debug|Any CPU.ActiveCfg = Debug|Any CPU
		{060B0E08-F7A4-4ECF-9041-3840028251AB}.Debug|Any CPU.Build.0 = Debug|Any CPU
		{060B0E08-F7A4-4ECF-9041-3840028251AB}.Release|Any CPU.ActiveCfg = Release|Any CPU
		{060B0E08-F7A4-4ECF-9041-3840028251AB}.Release|Any CPU.Build.0 = Release|Any CPU
	EndGlobalSection
	GlobalSection(SolutionProperties) = preSolution
		HideSolutionNode = FALSE
	EndGlobalSection
	GlobalSection(ExtensibilityGlobals) = postSolution
		SolutionGuid = {D012A1EB-69DF-46B4-AA64-B0762AA47655}
	EndGlobalSection
EndGlobal
